// !$*UTF8*$!
{
	archiveVersion = 1;
	classes = {
	};
	objectVersion = 55;
	objects = {

/* Begin PBXBuildFile section */
		B45DACEE28E5FD350020207D /* BlockLiteralTests.m in Sources */ = {isa = PBXBuildFile; fileRef = B45DACED28E5FD350020207D /* BlockLiteralTests.m */; };
		B4650CCB28E4DD98001EE100 /* AppDelegate.m in Sources */ = {isa = PBXBuildFile; fileRef = B4650CCA28E4DD98001EE100 /* AppDelegate.m */; };
		B4650CCE28E4DD98001EE100 /* SceneDelegate.m in Sources */ = {isa = PBXBuildFile; fileRef = B4650CCD28E4DD98001EE100 /* SceneDelegate.m */; };
		B4650CD128E4DD98001EE100 /* CLNCoolViewController.m in Sources */ = {isa = PBXBuildFile; fileRef = B4650CD028E4DD98001EE100 /* CLNCoolViewController.m */; };
		B4650CD428E4DD98001EE100 /* Main.storyboard in Resources */ = {isa = PBXBuildFile; fileRef = B4650CD228E4DD98001EE100 /* Main.storyboard */; };
		B4650CD628E4DD9A001EE100 /* Assets.xcassets in Resources */ = {isa = PBXBuildFile; fileRef = B4650CD528E4DD9A001EE100 /* Assets.xcassets */; };
		B4650CD928E4DD9A001EE100 /* LaunchScreen.storyboard in Resources */ = {isa = PBXBuildFile; fileRef = B4650CD728E4DD9A001EE100 /* LaunchScreen.storyboard */; };
		B4650CDC28E4DD9A001EE100 /* main.m in Sources */ = {isa = PBXBuildFile; fileRef = B4650CDB28E4DD9A001EE100 /* main.m */; };
		B4650CE428E4F884001EE100 /* CLNCoolViewCell.m in Sources */ = {isa = PBXBuildFile; fileRef = B4650CE328E4F884001EE100 /* CLNCoolViewCell.m */; };
/* End PBXBuildFile section */

/* Begin PBXContainerItemProxy section */
		B45DACEF28E5FD350020207D /* PBXContainerItemProxy */ = {
			isa = PBXContainerItemProxy;
			containerPortal = B4650CBE28E4DD98001EE100 /* Project object */;
			proxyType = 1;
			remoteGlobalIDString = B4650CC528E4DD98001EE100;
			remoteInfo = Coolness;
		};
/* End PBXContainerItemProxy section */

/* Begin PBXFileReference section */
		B45DACEB28E5FD350020207D /* UnitTests.xctest */ = {isa = PBXFileReference; explicitFileType = wrapper.cfbundle; includeInIndex = 0; path = UnitTests.xctest; sourceTree = BUILT_PRODUCTS_DIR; };
		B45DACED28E5FD350020207D /* BlockLiteralTests.m */ = {isa = PBXFileReference; lastKnownFileType = sourcecode.c.objc; path = BlockLiteralTests.m; sourceTree = "<group>"; };
		B4650CC628E4DD98001EE100 /* Coolness.app */ = {isa = PBXFileReference; explicitFileType = wrapper.application; includeInIndex = 0; path = Coolness.app; sourceTree = BUILT_PRODUCTS_DIR; };
		B4650CC928E4DD98001EE100 /* AppDelegate.h */ = {isa = PBXFileReference; lastKnownFileType = sourcecode.c.h; path = AppDelegate.h; sourceTree = "<group>"; };
		B4650CCA28E4DD98001EE100 /* AppDelegate.m */ = {isa = PBXFileReference; lastKnownFileType = sourcecode.c.objc; path = AppDelegate.m; sourceTree = "<group>"; };
		B4650CCC28E4DD98001EE100 /* SceneDelegate.h */ = {isa = PBXFileReference; lastKnownFileType = sourcecode.c.h; path = SceneDelegate.h; sourceTree = "<group>"; };
		B4650CCD28E4DD98001EE100 /* SceneDelegate.m */ = {isa = PBXFileReference; lastKnownFileType = sourcecode.c.objc; path = SceneDelegate.m; sourceTree = "<group>"; };
		B4650CCF28E4DD98001EE100 /* CLNCoolViewController.h */ = {isa = PBXFileReference; lastKnownFileType = sourcecode.c.h; path = CLNCoolViewController.h; sourceTree = "<group>"; };
		B4650CD028E4DD98001EE100 /* CLNCoolViewController.m */ = {isa = PBXFileReference; lastKnownFileType = sourcecode.c.objc; path = CLNCoolViewController.m; sourceTree = "<group>"; };
		B4650CD328E4DD98001EE100 /* Base */ = {isa = PBXFileReference; lastKnownFileType = file.storyboard; name = Base; path = Base.lproj/Main.storyboard; sourceTree = "<group>"; };
		B4650CD528E4DD9A001EE100 /* Assets.xcassets */ = {isa = PBXFileReference; lastKnownFileType = folder.assetcatalog; path = Assets.xcassets; sourceTree = "<group>"; };
		B4650CD828E4DD9A001EE100 /* Base */ = {isa = PBXFileReference; lastKnownFileType = file.storyboard; name = Base; path = Base.lproj/LaunchScreen.storyboard; sourceTree = "<group>"; };
		B4650CDA28E4DD9A001EE100 /* Info.plist */ = {isa = PBXFileReference; lastKnownFileType = text.plist.xml; path = Info.plist; sourceTree = "<group>"; };
		B4650CDB28E4DD9A001EE100 /* main.m */ = {isa = PBXFileReference; lastKnownFileType = sourcecode.c.objc; path = main.m; sourceTree = "<group>"; };
		B4650CE228E4F884001EE100 /* CLNCoolViewCell.h */ = {isa = PBXFileReference; lastKnownFileType = sourcecode.c.h; path = CLNCoolViewCell.h; sourceTree = "<group>"; };
		B4650CE328E4F884001EE100 /* CLNCoolViewCell.m */ = {isa = PBXFileReference; lastKnownFileType = sourcecode.c.objc; path = CLNCoolViewCell.m; sourceTree = "<group>"; };
/* End PBXFileReference section */

/* Begin PBXFrameworksBuildPhase section */
		B45DACE828E5FD350020207D /* Frameworks */ = {
			isa = PBXFrameworksBuildPhase;
			buildActionMask = 2147483647;
			files = (
			);
			runOnlyForDeploymentPostprocessing = 0;
		};
		B4650CC328E4DD98001EE100 /* Frameworks */ = {
			isa = PBXFrameworksBuildPhase;
			buildActionMask = 2147483647;
			files = (
			);
			runOnlyForDeploymentPostprocessing = 0;
		};
/* End PBXFrameworksBuildPhase section */

/* Begin PBXGroup section */
		B45DACEC28E5FD350020207D /* UnitTests */ = {
			isa = PBXGroup;
			children = (
				B45DACED28E5FD350020207D /* BlockLiteralTests.m */,
			);
			path = UnitTests;
			sourceTree = "<group>";
		};
		B4650CBD28E4DD98001EE100 = {
			isa = PBXGroup;
			children = (
				B4650CC828E4DD98001EE100 /* Coolness */,
				B45DACEC28E5FD350020207D /* UnitTests */,
				B4650CC728E4DD98001EE100 /* Products */,
			);
			sourceTree = "<group>";
		};
		B4650CC728E4DD98001EE100 /* Products */ = {
			isa = PBXGroup;
			children = (
				B4650CC628E4DD98001EE100 /* Coolness.app */,
				B45DACEB28E5FD350020207D /* UnitTests.xctest */,
			);
			name = Products;
			sourceTree = "<group>";
		};
		B4650CC828E4DD98001EE100 /* Coolness */ = {
			isa = PBXGroup;
			children = (
				B4650CC928E4DD98001EE100 /* AppDelegate.h */,
				B4650CCA28E4DD98001EE100 /* AppDelegate.m */,
				B4650CCC28E4DD98001EE100 /* SceneDelegate.h */,
				B4650CCD28E4DD98001EE100 /* SceneDelegate.m */,
				B4650CCF28E4DD98001EE100 /* CLNCoolViewController.h */,
				B4650CD028E4DD98001EE100 /* CLNCoolViewController.m */,
				B4650CE228E4F884001EE100 /* CLNCoolViewCell.h */,
				B4650CE328E4F884001EE100 /* CLNCoolViewCell.m */,
				B4650CD228E4DD98001EE100 /* Main.storyboard */,
				B4650CD528E4DD9A001EE100 /* Assets.xcassets */,
				B4650CD728E4DD9A001EE100 /* LaunchScreen.storyboard */,
				B4650CDA28E4DD9A001EE100 /* Info.plist */,
				B4650CDB28E4DD9A001EE100 /* main.m */,
			);
			path = Coolness;
			sourceTree = "<group>";
		};
/* End PBXGroup section */

/* Begin PBXNativeTarget section */
		B45DACEA28E5FD350020207D /* UnitTests */ = {
			isa = PBXNativeTarget;
			buildConfigurationList = B45DACF328E5FD350020207D /* Build configuration list for PBXNativeTarget "UnitTests" */;
			buildPhases = (
				B45DACE728E5FD350020207D /* Sources */,
				B45DACE828E5FD350020207D /* Frameworks */,
				B45DACE928E5FD350020207D /* Resources */,
			);
			buildRules = (
			);
			dependencies = (
				B45DACF028E5FD350020207D /* PBXTargetDependency */,
			);
			name = UnitTests;
			productName = UnitTests;
			productReference = B45DACEB28E5FD350020207D /* UnitTests.xctest */;
			productType = "com.apple.product-type.bundle.unit-test";
		};
		B4650CC528E4DD98001EE100 /* Coolness */ = {
			isa = PBXNativeTarget;
			buildConfigurationList = B4650CDF28E4DD9A001EE100 /* Build configuration list for PBXNativeTarget "Coolness" */;
			buildPhases = (
				B4650CC228E4DD98001EE100 /* Sources */,
				B4650CC328E4DD98001EE100 /* Frameworks */,
				B4650CC428E4DD98001EE100 /* Resources */,
			);
			buildRules = (
			);
			dependencies = (
			);
			name = Coolness;
			productName = Coolness;
			productReference = B4650CC628E4DD98001EE100 /* Coolness.app */;
			productType = "com.apple.product-type.application";
		};
/* End PBXNativeTarget section */

/* Begin PBXProject section */
		B4650CBE28E4DD98001EE100 /* Project object */ = {
			isa = PBXProject;
			attributes = {
				BuildIndependentTargetsInParallel = 1;
				LastUpgradeCheck = 1400;
				TargetAttributes = {
					B45DACEA28E5FD350020207D = {
						CreatedOnToolsVersion = 14.0.1;
						TestTargetID = B4650CC528E4DD98001EE100;
					};
					B4650CC528E4DD98001EE100 = {
						CreatedOnToolsVersion = 14.0.1;
					};
				};
			};
			buildConfigurationList = B4650CC128E4DD98001EE100 /* Build configuration list for PBXProject "Coolness" */;
			compatibilityVersion = "Xcode 13.0";
			developmentRegion = en;
			hasScannedForEncodings = 0;
			knownRegions = (
				en,
				Base,
			);
			mainGroup = B4650CBD28E4DD98001EE100;
			productRefGroup = B4650CC728E4DD98001EE100 /* Products */;
			projectDirPath = "";
			projectRoot = "";
			targets = (
				B4650CC528E4DD98001EE100 /* Coolness */,
				B45DACEA28E5FD350020207D /* UnitTests */,
			);
		};
/* End PBXProject section */

/* Begin PBXResourcesBuildPhase section */
		B45DACE928E5FD350020207D /* Resources */ = {
			isa = PBXResourcesBuildPhase;
			buildActionMask = 2147483647;
			files = (
			);
			runOnlyForDeploymentPostprocessing = 0;
		};
		B4650CC428E4DD98001EE100 /* Resources */ = {
			isa = PBXResourcesBuildPhase;
			buildActionMask = 2147483647;
			files = (
				B4650CD928E4DD9A001EE100 /* LaunchScreen.storyboard in Resources */,
				B4650CD628E4DD9A001EE100 /* Assets.xcassets in Resources */,
				B4650CD428E4DD98001EE100 /* Main.storyboard in Resources */,
			);
			runOnlyForDeploymentPostprocessing = 0;
		};
/* End PBXResourcesBuildPhase section */

/* Begin PBXSourcesBuildPhase section */
		B45DACE728E5FD350020207D /* Sources */ = {
			isa = PBXSourcesBuildPhase;
			buildActionMask = 2147483647;
			files = (
				B45DACEE28E5FD350020207D /* BlockLiteralTests.m in Sources */,
			);
			runOnlyForDeploymentPostprocessing = 0;
		};
		B4650CC228E4DD98001EE100 /* Sources */ = {
			isa = PBXSourcesBuildPhase;
			buildActionMask = 2147483647;
			files = (
				B4650CD128E4DD98001EE100 /* CLNCoolViewController.m in Sources */,
				B4650CCB28E4DD98001EE100 /* AppDelegate.m in Sources */,
				B4650CE428E4F884001EE100 /* CLNCoolViewCell.m in Sources */,
				B4650CDC28E4DD9A001EE100 /* main.m in Sources */,
				B4650CCE28E4DD98001EE100 /* SceneDelegate.m in Sources */,
			);
			runOnlyForDeploymentPostprocessing = 0;
		};
/* End PBXSourcesBuildPhase section */

/* Begin PBXTargetDependency section */
		B45DACF028E5FD350020207D /* PBXTargetDependency */ = {
			isa = PBXTargetDependency;
			target = B4650CC528E4DD98001EE100 /* Coolness */;
			targetProxy = B45DACEF28E5FD350020207D /* PBXContainerItemProxy */;
		};
/* End PBXTargetDependency section */

/* Begin PBXVariantGroup section */
		B4650CD228E4DD98001EE100 /* Main.storyboard */ = {
			isa = PBXVariantGroup;
			children = (
				B4650CD328E4DD98001EE100 /* Base */,
			);
			name = Main.storyboard;
			sourceTree = "<group>";
		};
		B4650CD728E4DD9A001EE100 /* LaunchScreen.storyboard */ = {
			isa = PBXVariantGroup;
			children = (
				B4650CD828E4DD9A001EE100 /* Base */,
			);
			name = LaunchScreen.storyboard;
			sourceTree = "<group>";
		};
/* End PBXVariantGroup section */

/* Begin XCBuildConfiguration section */
		B45DACF128E5FD350020207D /* Debug */ = {
			isa = XCBuildConfiguration;
			buildSettings = {
				BUNDLE_LOADER = "$(TEST_HOST)";
				CODE_SIGN_STYLE = Automatic;
				CURRENT_PROJECT_VERSION = 1;
				GENERATE_INFOPLIST_FILE = YES;
				MARKETING_VERSION = 1.0;
				PRODUCT_BUNDLE_IDENTIFIER = com.aboutobjects.training.UnitTests;
				PRODUCT_NAME = "$(TARGET_NAME)";
				SWIFT_EMIT_LOC_STRINGS = NO;
				TARGETED_DEVICE_FAMILY = "1,2";
				TEST_HOST = "$(BUILT_PRODUCTS_DIR)/Coolness.app/$(BUNDLE_EXECUTABLE_FOLDER_PATH)/Coolness";
			};
			name = Debug;
		};
		B45DACF228E5FD350020207D /* Release */ = {
			isa = XCBuildConfiguration;
			buildSettings = {
				BUNDLE_LOADER = "$(TEST_HOST)";
				CODE_SIGN_STYLE = Automatic;
				CURRENT_PROJECT_VERSION = 1;
				GENERATE_INFOPLIST_FILE = YES;
				MARKETING_VERSION = 1.0;
				PRODUCT_BUNDLE_IDENTIFIER = com.aboutobjects.training.UnitTests;
				PRODUCT_NAME = "$(TARGET_NAME)";
				SWIFT_EMIT_LOC_STRINGS = NO;
				TARGETED_DEVICE_FAMILY = "1,2";
				TEST_HOST = "$(BUILT_PRODUCTS_DIR)/Coolness.app/$(BUNDLE_EXECUTABLE_FOLDER_PATH)/Coolness";
			};
			name = Release;
		};
		B4650CDD28E4DD9A001EE100 /* Debug */ = {
			isa = XCBuildConfiguration;
			buildSettings = {
				ALWAYS_SEARCH_USER_PATHS = NO;
				CLANG_ANALYZER_NONNULL = YES;
				CLANG_ANALYZER_NUMBER_OBJECT_CONVERSION = YES_AGGRESSIVE;
				CLANG_CXX_LANGUAGE_STANDARD = "gnu++20";
				CLANG_ENABLE_MODULES = YES;
				CLANG_ENABLE_OBJC_ARC = YES;
				CLANG_ENABLE_OBJC_WEAK = YES;
				CLANG_WARN_BLOCK_CAPTURE_AUTORELEASING = YES;
				CLANG_WARN_BOOL_CONVERSION = YES;
				CLANG_WARN_COMMA = YES;
				CLANG_WARN_CONSTANT_CONVERSION = YES;
				CLANG_WARN_DEPRECATED_OBJC_IMPLEMENTATIONS = YES;
				CLANG_WARN_DIRECT_OBJC_ISA_USAGE = YES_ERROR;
				CLANG_WARN_DOCUMENTATION_COMMENTS = YES;
				CLANG_WARN_EMPTY_BODY = YES;
				CLANG_WARN_ENUM_CONVERSION = YES;
				CLANG_WARN_INFINITE_RECURSION = YES;
				CLANG_WARN_INT_CONVERSION = YES;
				CLANG_WARN_NON_LITERAL_NULL_CONVERSION = YES;
				CLANG_WARN_OBJC_IMPLICIT_RETAIN_SELF = YES;
				CLANG_WARN_OBJC_LITERAL_CONVERSION = YES;
				CLANG_WARN_OBJC_ROOT_CLASS = YES_ERROR;
				CLANG_WARN_QUOTED_INCLUDE_IN_FRAMEWORK_HEADER = YES;
				CLANG_WARN_RANGE_LOOP_ANALYSIS = YES;
				CLANG_WARN_STRICT_PROTOTYPES = YES;
				CLANG_WARN_SUSPICIOUS_MOVE = YES;
				CLANG_WARN_UNGUARDED_AVAILABILITY = YES_AGGRESSIVE;
				CLANG_WARN_UNREACHABLE_CODE = YES;
				CLANG_WARN__DUPLICATE_METHOD_MATCH = YES;
				COPY_PHASE_STRIP = NO;
				DEBUG_INFORMATION_FORMAT = dwarf;
				ENABLE_STRICT_OBJC_MSGSEND = YES;
				ENABLE_TESTABILITY = YES;
				GCC_C_LANGUAGE_STANDARD = gnu11;
				GCC_DYNAMIC_NO_PIC = NO;
				GCC_NO_COMMON_BLOCKS = YES;
				GCC_OPTIMIZATION_LEVEL = 0;
				GCC_PREPROCESSOR_DEFINITIONS = (
					"DEBUG=1",
					"$(inherited)",
				);
				GCC_WARN_64_TO_32_BIT_CONVERSION = YES;
				GCC_WARN_ABOUT_RETURN_TYPE = YES_ERROR;
				GCC_WARN_UNDECLARED_SELECTOR = YES;
				GCC_WARN_UNINITIALIZED_AUTOS = YES_AGGRESSIVE;
				GCC_WARN_UNUSED_FUNCTION = YES;
				GCC_WARN_UNUSED_VARIABLE = YES;
				IPHONEOS_DEPLOYMENT_TARGET = 16.0;
				MTL_ENABLE_DEBUG_INFO = INCLUDE_SOURCE;
				MTL_FAST_MATH = YES;
				ONLY_ACTIVE_ARCH = YES;
				SDKROOT = iphoneos;
			};
			name = Debug;
		};
		B4650CDE28E4DD9A001EE100 /* Release */ = {
			isa = XCBuildConfiguration;
			buildSettings = {
				ALWAYS_SEARCH_USER_PATHS = NO;
				CLANG_ANALYZER_NONNULL = YES;
				CLANG_ANALYZER_NUMBER_OBJECT_CONVERSION = YES_AGGRESSIVE;
				CLANG_CXX_LANGUAGE_STANDARD = "gnu++20";
				CLANG_ENABLE_MODULES = YES;
				CLANG_ENABLE_OBJC_ARC = YES;
				CLANG_ENABLE_OBJC_WEAK = YES;
				CLANG_WARN_BLOCK_CAPTURE_AUTORELEASING = YES;
				CLANG_WARN_BOOL_CONVERSION = YES;
				CLANG_WARN_COMMA = YES;
				CLANG_WARN_CONSTANT_CONVERSION = YES;
				CLANG_WARN_DEPRECATED_OBJC_IMPLEMENTATIONS = YES;
				CLANG_WARN_DIRECT_OBJC_ISA_USAGE = YES_ERROR;
				CLANG_WARN_DOCUMENTATION_COMMENTS = YES;
				CLANG_WARN_EMPTY_BODY = YES;
				CLANG_WARN_ENUM_CONVERSION = YES;
				CLANG_WARN_INFINITE_RECURSION = YES;
				CLANG_WARN_INT_CONVERSION = YES;
				CLANG_WARN_NON_LITERAL_NULL_CONVERSION = YES;
				CLANG_WARN_OBJC_IMPLICIT_RETAIN_SELF = YES;
				CLANG_WARN_OBJC_LITERAL_CONVERSION = YES;
				CLANG_WARN_OBJC_ROOT_CLASS = YES_ERROR;
				CLANG_WARN_QUOTED_INCLUDE_IN_FRAMEWORK_HEADER = YES;
				CLANG_WARN_RANGE_LOOP_ANALYSIS = YES;
				CLANG_WARN_STRICT_PROTOTYPES = YES;
				CLANG_WARN_SUSPICIOUS_MOVE = YES;
				CLANG_WARN_UNGUARDED_AVAILABILITY = YES_AGGRESSIVE;
				CLANG_WARN_UNREACHABLE_CODE = YES;
				CLANG_WARN__DUPLICATE_METHOD_MATCH = YES;
				COPY_PHASE_STRIP = NO;
				DEBUG_INFORMATION_FORMAT = "dwarf-with-dsym";
				ENABLE_NS_ASSERTIONS = NO;
				ENABLE_STRICT_OBJC_MSGSEND = YES;
				GCC_C_LANGUAGE_STANDARD = gnu11;
				GCC_NO_COMMON_BLOCKS = YES;
				GCC_WARN_64_TO_32_BIT_CONVERSION = YES;
				GCC_WARN_ABOUT_RETURN_TYPE = YES_ERROR;
				GCC_WARN_UNDECLARED_SELECTOR = YES;
				GCC_WARN_UNINITIALIZED_AUTOS = YES_AGGRESSIVE;
				GCC_WARN_UNUSED_FUNCTION = YES;
				GCC_WARN_UNUSED_VARIABLE = YES;
				IPHONEOS_DEPLOYMENT_TARGET = 16.0;
				MTL_ENABLE_DEBUG_INFO = NO;
				MTL_FAST_MATH = YES;
				SDKROOT = iphoneos;
				VALIDATE_PRODUCT = YES;
			};
			name = Release;
		};
		B4650CE028E4DD9A001EE100 /* Debug */ = {
			isa = XCBuildConfiguration;
			buildSettings = {
				ASSETCATALOG_COMPILER_APPICON_NAME = AppIcon;
				ASSETCATALOG_COMPILER_GLOBAL_ACCENT_COLOR_NAME = AccentColor;
				CODE_SIGN_STYLE = Automatic;
				CURRENT_PROJECT_VERSION = 1;
				GENERATE_INFOPLIST_FILE = YES;
				INFOPLIST_FILE = Coolness/Info.plist;
				INFOPLIST_KEY_UIApplicationSupportsIndirectInputEvents = YES;
				INFOPLIST_KEY_UILaunchStoryboardName = LaunchScreen;
				INFOPLIST_KEY_UIMainStoryboardFile = Main;
				INFOPLIST_KEY_UISupportedInterfaceOrientations_iPad = "UIInterfaceOrientationPortrait UIInterfaceOrientationPortraitUpsideDown UIInterfaceOrientationLandscapeLeft UIInterfaceOrientationLandscapeRight";
				INFOPLIST_KEY_UISupportedInterfaceOrientations_iPhone = "UIInterfaceOrientationPortrait UIInterfaceOrientationLandscapeLeft UIInterfaceOrientationLandscapeRight";
				LD_RUNPATH_SEARCH_PATHS = (
					"$(inherited)",
					"@executable_path/Frameworks",
				);
				MARKETING_VERSION = 1.0;
				PRODUCT_BUNDLE_IDENTIFIER = com.aboutobjects.training.Coolness;
				PRODUCT_NAME = "$(TARGET_NAME)";
				SWIFT_EMIT_LOC_STRINGS = YES;
				TARGETED_DEVICE_FAMILY = "1,2";
			};
			name = Debug;
		};
		B4650CE128E4DD9A001EE100 /* Release */ = {
			isa = XCBuildConfiguration;
			buildSettings = {
				ASSETCATALOG_COMPILER_APPICON_NAME = AppIcon;
				ASSETCATALOG_COMPILER_GLOBAL_ACCENT_COLOR_NAME = AccentColor;
				CODE_SIGN_STYLE = Automatic;
				CURRENT_PROJECT_VERSION = 1;
				GENERATE_INFOPLIST_FILE = YES;
				INFOPLIST_FILE = Coolness/Info.plist;
				INFOPLIST_KEY_UIApplicationSupportsIndirectInputEvents = YES;
				INFOPLIST_KEY_UILaunchStoryboardName = LaunchScreen;
				INFOPLIST_KEY_UIMainStoryboardFile = Main;
				INFOPLIST_KEY_UISupportedInterfaceOrientations_iPad = "UIInterfaceOrientationPortrait UIInterfaceOrientationPortraitUpsideDown UIInterfaceOrientationLandscapeLeft UIInterfaceOrientationLandscapeRight";
				INFOPLIST_KEY_UISupportedInterfaceOrientations_iPhone = "UIInterfaceOrientationPortrait UIInterfaceOrientationLandscapeLeft UIInterfaceOrientationLandscapeRight";
				LD_RUNPATH_SEARCH_PATHS = (
					"$(inherited)",
					"@executable_path/Frameworks",
				);
				MARKETING_VERSION = 1.0;
				PRODUCT_BUNDLE_IDENTIFIER = com.aboutobjects.training.Coolness;
				PRODUCT_NAME = "$(TARGET_NAME)";
				SWIFT_EMIT_LOC_STRINGS = YES;
				TARGETED_DEVICE_FAMILY = "1,2";
			};
			name = Release;
		};
/* End XCBuildConfiguration section */

/* Begin XCConfigurationList section */
		B45DACF328E5FD350020207D /* Build configuration list for PBXNativeTarget "UnitTests" */ = {
			isa = XCConfigurationList;
			buildConfigurations = (
				B45DACF128E5FD350020207D /* Debug */,
				B45DACF228E5FD350020207D /* Release */,
			);
			defaultConfigurationIsVisible = 0;
			defaultConfigurationName = Release;
		};
		B4650CC128E4DD98001EE100 /* Build configuration list for PBXProject "Coolness" */ = {
			isa = XCConfigurationList;
			buildConfigurations = (
				B4650CDD28E4DD9A001EE100 /* Debug */,
				B4650CDE28E4DD9A001EE100 /* Release */,
			);
			defaultConfigurationIsVisible = 0;
			defaultConfigurationName = Release;
		};
		B4650CDF28E4DD9A001EE100 /* Build configuration list for PBXNativeTarget "Coolness" */ = {
			isa = XCConfigurationList;
			buildConfigurations = (
				B4650CE028E4DD9A001EE100 /* Debug */,
				B4650CE128E4DD9A001EE100 /* Release */,
			);
			defaultConfigurationIsVisible = 0;
			defaultConfigurationName = Release;
		};
/* End XCConfigurationList section */
	};
	rootObject = B4650CBE28E4DD98001EE100 /* Project object */;
}
